
Microsoft Visual Studio Solution File, Format Version 12.00
# Visual Studio Version 17
VisualStudioVersion = 17.10.35004.147
MinimumVisualStudioVersion = 10.0.40219.1
Project("{FAE04EC0-301F-11D3-BF4B-00C04F79EFBC}") = "OrdersDelivery", "OrdersDelivery\OrdersDelivery.csproj", "{65CE2038-6E58-4765-A553-C4240F9008B6}"
EndProject
Global
	GlobalSection(SolutionConfigurationPlatforms) = preSolution
		Debug|Any CPU = Debug|Any CPU
		Release|Any CPU = Release|Any CPU
	EndGlobalSection
	GlobalSection(ProjectConfigurationPlatforms) = postSolution
		{65CE2038-6E58-4765-A553-C4240F9008B6}.Debug|Any CPU.ActiveCfg = Debug|Any CPU
		{65CE2038-6E58-4765-A553-C4240F9008B6}.Debug|Any CPU.Build.0 = Debug|Any CPU
		{65CE2038-6E58-4765-A553-C4240F9008B6}.Release|Any CPU.ActiveCfg = Release|Any CPU
		{65CE2038-6E58-4765-A553-C4240F9008B6}.Release|Any CPU.Build.0 = Release|Any CPU
	EndGlobalSection
	GlobalSection(SolutionProperties) = preSolution
		HideSolutionNode = FALSE
	EndGlobalSection
	GlobalSection(ExtensibilityGlobals) = postSolution
		SolutionGuid = {A895D65E-0A87-49FC-8329-EA2477297254}
	EndGlobalSection
EndGlobal
